// !$*UTF8*$!
{
	archiveVersion = 1;
	classes = {
	};
	objectVersion = 77;
	objects = {

/* Begin PBXBuildFile section */
		1F5FD60000000000000B0021 /* WebRTC.xcframework in Frameworks */ = {isa = PBXBuildFile; fileRef = 1F5FD60000000000000F0020 /* WebRTC.xcframework */; };
		1F5FD60000000000000B0022 /* WebRTC.xcframework in Embed Frameworks */ = {isa = PBXBuildFile; fileRef = 1F5FD60000000000000F0020 /* WebRTC.xcframework */; settings = {ATTRIBUTES = (CodeSignOnCopy, RemoveHeadersOnCopy, ); }; };
/* End PBXBuildFile section */

/* Begin PBXFileReference section */
		1F5FD60000000000000F0020 /* WebRTC.xcframework */ = {isa = PBXFileReference; lastKnownFileType = wrapper.xcframework; name = WebRTC.xcframework; path = Vendor/WebRTC.xcframework; sourceTree = "<group>"; };
		1F5FD60000000000000F0010 /* Linx.app */ = {isa = PBXFileReference; explicitFileType = wrapper.application; includeInIndex = 0; path = Linx.app; sourceTree = BUILT_PRODUCTS_DIR; };
		1F5FD60000000000000F0011 /* LinxTests.xctest */ = {isa = PBXFileReference; explicitFileType = wrapper.cfbundle; includeInIndex = 0; path = LinxTests.xctest; sourceTree = BUILT_PRODUCTS_DIR; };
/* End PBXFileReference section */

/* Begin PBXFileSystemSynchronizedRootGroup section */
		1F5FD60000000000000F0001 /* Linx */ = {isa = PBXFileSystemSynchronizedRootGroup; path = Linx; sourceTree = "<group>"; };
		1F5FD60000000000000F0002 /* LinxTests */ = {isa = PBXFileSystemSynchronizedRootGroup; path = LinxTests; sourceTree = "<group>"; };
/* End PBXFileSystemSynchronizedRootGroup section */

/* Begin PBXFrameworksBuildPhase section */
		1F5FD60000000000000B0002 /* Frameworks */ = {
			isa = PBXFrameworksBuildPhase;
			buildActionMask = 2147483647;
			files = (
				1F5FD60000000000000B0021 /* WebRTC.xcframework in Frameworks */,
			);
			runOnlyForDeploymentPostprocessing = 0;
		};
		1F5FD60000000000000B0012 /* Frameworks */ = {
			isa = PBXFrameworksBuildPhase;
			buildActionMask = 2147483647;
			files = (
			);
			runOnlyForDeploymentPostprocessing = 0;
		};
/* End PBXFrameworksBuildPhase section */

/* Begin PBXCopyFilesBuildPhase section */
		1F5FD60000000000000B0004 /* Embed Frameworks */ = {
			isa = PBXCopyFilesBuildPhase;
			buildActionMask = 2147483647;
			dstPath = "";
			dstSubfolderSpec = 10;
			files = (
				1F5FD60000000000000B0022 /* WebRTC.xcframework in Embed Frameworks */,
			);
			name = "Embed Frameworks";
			runOnlyForDeploymentPostprocessing = 0;
		};
/* End PBXCopyFilesBuildPhase section */

/* Begin PBXGroup section */
		1F5FD60000000000000E0002 = {
			isa = PBXGroup;
			children = (
				1F5FD60000000000000F0001 /* Linx */,
				1F5FD60000000000000F0002 /* LinxTests */,
				1F5FD60000000000000E0004 /* Vendor */,
				1F5FD60000000000000E0003 /* Products */,
			);
			sourceTree = "<group>";
		};
		1F5FD60000000000000E0004 /* Vendor */ = {
			isa = PBXGroup;
			children = (
				1F5FD60000000000000F0020 /* WebRTC.xcframework */,
			);
			name = Vendor;
			sourceTree = "<group>";
		};
		1F5FD60000000000000E0003 /* Products */ = {
			isa = PBXGroup;
			children = (
				1F5FD60000000000000F0010 /* Linx.app */,
				1F5FD60000000000000F0011 /* LinxTests.xctest */,
			);
			name = Products;
			sourceTree = "<group>";
		};
/* End PBXGroup section */

/* Begin PBXNativeTarget section */
		1F5FD60000000000000A0001 /* Linx */ = {
			isa = PBXNativeTarget;
			buildConfigurationList = 1F5FD60000000000000C0002 /* Build configuration list for PBXNativeTarget "Linx" */;
			buildPhases = (
				1F5FD60000000000000B0001 /* Sources */,
				1F5FD60000000000000B0002 /* Frameworks */,
				1F5FD60000000000000B0003 /* Resources */,
				1F5FD60000000000000B0004 /* Embed Frameworks */,
			);
			buildRules = (
			);
			dependencies = (
			);
			fileSystemSynchronizedGroups = (
				1F5FD60000000000000F0001 /* Linx */,
			);
			name = Linx;
			packageProductDependencies = (
			);
			productName = Linx;
			productReference = 1F5FD60000000000000F0010 /* Linx.app */;
			productType = "com.apple.product-type.application";
		};
		1F5FD60000000000000A0002 /* LinxTests */ = {
			isa = PBXNativeTarget;
			buildConfigurationList = 1F5FD60000000000000C0003 /* Build configuration list for PBXNativeTarget "LinxTests" */;
			buildPhases = (
				1F5FD60000000000000B0011 /* Sources */,
				1F5FD60000000000000B0012 /* Frameworks */,
				1F5FD60000000000000B0013 /* Resources */,
			);
			buildRules = (
			);
			dependencies = (
				1F5FD600000000000000D001 /* PBXTargetDependency */,
			);
			fileSystemSynchronizedGroups = (
				1F5FD60000000000000F0002 /* LinxTests */,
			);
			name = LinxTests;
			packageProductDependencies = (
			);
			productName = LinxTests;
			productReference = 1F5FD60000000000000F0011 /* LinxTests.xctest */;
			productType = "com.apple.product-type.bundle.unit-test";
		};
/* End PBXNativeTarget section */

/* Begin PBXProject section */
		1F5FD60000000000000E0001 /* Project object */ = {
			isa = PBXProject;
			attributes = {
				BuildIndependentTargetsInParallel = 1;
				LastSwiftUpdateCheck = 2700;
				LastUpgradeCheck = 2700;
				TargetAttributes = {
					1F5FD60000000000000A0001 = {
						CreatedOnToolsVersion = 27.0;
					};
					1F5FD60000000000000A0002 = {
						CreatedOnToolsVersion = 27.0;
						TestTargetID = 1F5FD60000000000000A0001;
					};
				};
			};
			buildConfigurationList = 1F5FD60000000000000C0001 /* Build configuration list for PBXProject "Linx" */;
			compatibilityVersion = "Xcode 15.0";
			developmentRegion = en;
			hasScannedForEncodings = 0;
			knownRegions = (
				en,
				Base,
			);
			mainGroup = 1F5FD60000000000000E0002;
			minimizedProjectReferenceProxies = 1;
			preferredProjectObjectVersion = 77;
			productRefGroup = 1F5FD60000000000000E0003 /* Products */;
			projectDirPath = "";
			projectRoot = "";
			targets = (
				1F5FD60000000000000A0001 /* Linx */,
				1F5FD60000000000000A0002 /* LinxTests */,
			);
		};
/* End PBXProject section */

/* Begin PBXResourcesBuildPhase section */
		1F5FD60000000000000B0003 /* Resources */ = {
			isa = PBXResourcesBuildPhase;
			buildActionMask = 2147483647;
			files = (
			);
			runOnlyForDeploymentPostprocessing = 0;
		};
		1F5FD60000000000000B0013 /* Resources */ = {
			isa = PBXResourcesBuildPhase;
			buildActionMask = 2147483647;
			files = (
			);
			runOnlyForDeploymentPostprocessing = 0;
		};
/* End PBXResourcesBuildPhase section */

/* Begin PBXSourcesBuildPhase section */
		1F5FD60000000000000B0001 /* Sources */ = {
			isa = PBXSourcesBuildPhase;
			buildActionMask = 2147483647;
			files = (
			);
			runOnlyForDeploymentPostprocessing = 0;
		};
		1F5FD60000000000000B0011 /* Sources */ = {
			isa = PBXSourcesBuildPhase;
			buildActionMask = 2147483647;
			files = (
			);
			runOnlyForDeploymentPostprocessing = 0;
		};
/* End PBXSourcesBuildPhase section */

/* Begin PBXTargetDependency section */
		1F5FD600000000000000D001 /* PBXTargetDependency */ = {
			isa = PBXTargetDependency;
			target = 1F5FD60000000000000A0001 /* Linx */;
			targetProxy = 1F5FD600000000000000D002 /* PBXContainerItemProxy */;
		};
/* End PBXTargetDependency section */

/* Begin PBXContainerItemProxy section */
		1F5FD600000000000000D002 /* PBXContainerItemProxy */ = {
			isa = PBXContainerItemProxy;
			containerPortal = 1F5FD60000000000000E0001 /* Project object */;
			proxyType = 1;
			remoteGlobalIDString = 1F5FD60000000000000A0001;
			remoteInfo = Linx;
		};
/* End PBXContainerItemProxy section */

/* Begin XCBuildConfiguration section */
		1F5FD60000000000000D0001 /* Debug */ = {
			isa = XCBuildConfiguration;
			buildSettings = {
				ALWAYS_SEARCH_USER_PATHS = NO;
				ASSETCATALOG_COMPILER_GENERATE_SWIFT_ASSET_SYMBOL_EXTENSIONS = NO;
				CLANG_ENABLE_MODULES = YES;
				CLANG_ENABLE_OBJC_ARC = YES;
				CLANG_WARN_DOCUMENTATION_COMMENTS = YES;
				COPY_PHASE_STRIP = NO;
				DEBUG_INFORMATION_FORMAT = dwarf;
				ENABLE_STRICT_OBJC_MSGSEND = YES;
				ENABLE_TESTABILITY = YES;
				ENABLE_USER_SCRIPT_SANDBOXING = YES;
				GCC_NO_COMMON_BLOCKS = YES;
				GCC_OPTIMIZATION_LEVEL = 0;
				GCC_PREPROCESSOR_DEFINITIONS = (
					"DEBUG=1",
					"$(inherited)",
				);
				IPHONEOS_DEPLOYMENT_TARGET = 26.0;
				MTL_ENABLE_DEBUG_INFO = INCLUDE_SOURCE;
				ONLY_ACTIVE_ARCH = YES;
				SDKROOT = iphoneos;
				SWIFT_ACTIVE_COMPILATION_CONDITIONS = "DEBUG $(inherited)";
				SWIFT_OPTIMIZATION_LEVEL = "-Onone";
				SWIFT_VERSION = 6.0;
			};
			name = Debug;
		};
		1F5FD60000000000000D0002 /* Release */ = {
			isa = XCBuildConfiguration;
			buildSettings = {
				ALWAYS_SEARCH_USER_PATHS = NO;
				ASSETCATALOG_COMPILER_GENERATE_SWIFT_ASSET_SYMBOL_EXTENSIONS = NO;
				CLANG_ENABLE_MODULES = YES;
				CLANG_ENABLE_OBJC_ARC = YES;
				CLANG_WARN_DOCUMENTATION_COMMENTS = YES;
				COPY_PHASE_STRIP = NO;
				DEBUG_INFORMATION_FORMAT = "dwarf-with-dsym";
				ENABLE_NS_ASSERTIONS = NO;
				ENABLE_STRICT_OBJC_MSGSEND = YES;
				ENABLE_USER_SCRIPT_SANDBOXING = YES;
				GCC_NO_COMMON_BLOCKS = YES;
				IPHONEOS_DEPLOYMENT_TARGET = 26.0;
				MTL_FAST_MATH = YES;
				SDKROOT = iphoneos;
				SWIFT_COMPILATION_MODE = wholemodule;
				SWIFT_VERSION = 6.0;
				VALIDATE_PRODUCT = YES;
			};
			name = Release;
		};
		1F5FD60000000000000D0003 /* Debug */ = {
			isa = XCBuildConfiguration;
			buildSettings = {
				ASSETCATALOG_COMPILER_GLOBAL_ACCENT_COLOR_NAME = Accent;
				CODE_SIGN_ENTITLEMENTS = Linx.entitlements;
				CODE_SIGN_STYLE = Automatic;
				DEVELOPMENT_TEAM = AY75S2Z9UK;
				CURRENT_PROJECT_VERSION = 8;
				ENABLE_PREVIEWS = YES;
				GENERATE_INFOPLIST_FILE = YES;
				FRAMEWORK_SEARCH_PATHS = (
					"$(inherited)",
					"$(PROJECT_DIR)/Vendor",
				);
				ASSETCATALOG_COMPILER_APPICON_NAME = AppIcon;
				INFOPLIST_KEY_CFBundleDisplayName = Linx;
				INFOPLIST_KEY_NSCameraUsageDescription = "Linx reads the setup code for this phone from your camera. Nothing is recorded or sent anywhere.";
				INFOPLIST_KEY_NSLocalNetworkUsageDescription = "Linx looks for the shortest route for your calls on the network you're on, so the sound doesn't have to travel further than it needs to.";
				INFOPLIST_KEY_NSMicrophoneUsageDescription = "Linx uses the microphone for your calls. Nothing is recorded.";
				INFOPLIST_FILE = Info.plist;
				INFOPLIST_KEY_UIApplicationSceneManifest_Generation = YES;
				INFOPLIST_KEY_UILaunchScreen_Generation = YES;
				INFOPLIST_KEY_UISupportedInterfaceOrientations_iPad = "UIInterfaceOrientationPortrait UIInterfaceOrientationPortraitUpsideDown UIInterfaceOrientationLandscapeLeft UIInterfaceOrientationLandscapeRight";
				INFOPLIST_KEY_UISupportedInterfaceOrientations_iPhone = "UIInterfaceOrientationPortrait UIInterfaceOrientationLandscapeLeft UIInterfaceOrientationLandscapeRight";
				LD_RUNPATH_SEARCH_PATHS = (
					"$(inherited)",
					"@executable_path/Frameworks",
				);
				MARKETING_VERSION = 0.1.0;
				PRODUCT_BUNDLE_IDENTIFIER = com.linxpbx.app;
				PRODUCT_NAME = "$(TARGET_NAME)";
				SWIFT_EMIT_LOC_STRINGS = YES;
				TARGETED_DEVICE_FAMILY = "1,2";
			};
			name = Debug;
		};
		1F5FD60000000000000D0004 /* Release */ = {
			isa = XCBuildConfiguration;
			buildSettings = {
				ASSETCATALOG_COMPILER_GLOBAL_ACCENT_COLOR_NAME = Accent;
				CODE_SIGN_ENTITLEMENTS = Linx.entitlements;
				CODE_SIGN_STYLE = Automatic;
				DEVELOPMENT_TEAM = AY75S2Z9UK;
				CURRENT_PROJECT_VERSION = 8;
				ENABLE_PREVIEWS = YES;
				GENERATE_INFOPLIST_FILE = YES;
				FRAMEWORK_SEARCH_PATHS = (
					"$(inherited)",
					"$(PROJECT_DIR)/Vendor",
				);
				ASSETCATALOG_COMPILER_APPICON_NAME = AppIcon;
				INFOPLIST_KEY_CFBundleDisplayName = Linx;
				INFOPLIST_KEY_NSCameraUsageDescription = "Linx reads the setup code for this phone from your camera. Nothing is recorded or sent anywhere.";
				INFOPLIST_KEY_NSLocalNetworkUsageDescription = "Linx looks for the shortest route for your calls on the network you're on, so the sound doesn't have to travel further than it needs to.";
				INFOPLIST_KEY_NSMicrophoneUsageDescription = "Linx uses the microphone for your calls. Nothing is recorded.";
				INFOPLIST_FILE = Info.plist;
				INFOPLIST_KEY_UIApplicationSceneManifest_Generation = YES;
				INFOPLIST_KEY_UILaunchScreen_Generation = YES;
				INFOPLIST_KEY_UISupportedInterfaceOrientations_iPad = "UIInterfaceOrientationPortrait UIInterfaceOrientationPortraitUpsideDown UIInterfaceOrientationLandscapeLeft UIInterfaceOrientationLandscapeRight";
				INFOPLIST_KEY_UISupportedInterfaceOrientations_iPhone = "UIInterfaceOrientationPortrait UIInterfaceOrientationLandscapeLeft UIInterfaceOrientationLandscapeRight";
				LD_RUNPATH_SEARCH_PATHS = (
					"$(inherited)",
					"@executable_path/Frameworks",
				);
				MARKETING_VERSION = 0.1.0;
				PRODUCT_BUNDLE_IDENTIFIER = com.linxpbx.app;
				PRODUCT_NAME = "$(TARGET_NAME)";
				SWIFT_EMIT_LOC_STRINGS = YES;
				TARGETED_DEVICE_FAMILY = "1,2";
			};
			name = Release;
		};
		1F5FD60000000000000D0005 /* Debug */ = {
			isa = XCBuildConfiguration;
			buildSettings = {
				BUNDLE_LOADER = "$(TEST_HOST)";
				CODE_SIGN_STYLE = Automatic;
				DEVELOPMENT_TEAM = AY75S2Z9UK;
				FRAMEWORK_SEARCH_PATHS = (
					"$(inherited)",
					"$(PROJECT_DIR)/Vendor",
				);
				CURRENT_PROJECT_VERSION = 8;
				GENERATE_INFOPLIST_FILE = YES;
				MARKETING_VERSION = 0.1.0;
				PRODUCT_BUNDLE_IDENTIFIER = com.linxpbx.app.tests;
				PRODUCT_NAME = "$(TARGET_NAME)";
				TARGETED_DEVICE_FAMILY = "1,2";
				TEST_HOST = "$(BUILT_PRODUCTS_DIR)/Linx.app/$(BUNDLE_EXECUTABLE_FOLDER_PATH)/Linx";
			};
			name = Debug;
		};
		1F5FD60000000000000D0006 /* Release */ = {
			isa = XCBuildConfiguration;
			buildSettings = {
				BUNDLE_LOADER = "$(TEST_HOST)";
				CODE_SIGN_STYLE = Automatic;
				DEVELOPMENT_TEAM = AY75S2Z9UK;
				FRAMEWORK_SEARCH_PATHS = (
					"$(inherited)",
					"$(PROJECT_DIR)/Vendor",
				);
				CURRENT_PROJECT_VERSION = 8;
				GENERATE_INFOPLIST_FILE = YES;
				MARKETING_VERSION = 0.1.0;
				PRODUCT_BUNDLE_IDENTIFIER = com.linxpbx.app.tests;
				PRODUCT_NAME = "$(TARGET_NAME)";
				TARGETED_DEVICE_FAMILY = "1,2";
				TEST_HOST = "$(BUILT_PRODUCTS_DIR)/Linx.app/$(BUNDLE_EXECUTABLE_FOLDER_PATH)/Linx";
			};
			name = Release;
		};
/* End XCBuildConfiguration section */

/* Begin XCConfigurationList section */
		1F5FD60000000000000C0001 /* Build configuration list for PBXProject "Linx" */ = {
			isa = XCConfigurationList;
			buildConfigurations = (
				1F5FD60000000000000D0001 /* Debug */,
				1F5FD60000000000000D0002 /* Release */,
			);
			defaultConfigurationIsVisible = 0;
			defaultConfigurationName = Release;
		};
		1F5FD60000000000000C0002 /* Build configuration list for PBXNativeTarget "Linx" */ = {
			isa = XCConfigurationList;
			buildConfigurations = (
				1F5FD60000000000000D0003 /* Debug */,
				1F5FD60000000000000D0004 /* Release */,
			);
			defaultConfigurationIsVisible = 0;
			defaultConfigurationName = Release;
		};
		1F5FD60000000000000C0003 /* Build configuration list for PBXNativeTarget "LinxTests" */ = {
			isa = XCConfigurationList;
			buildConfigurations = (
				1F5FD60000000000000D0005 /* Debug */,
				1F5FD60000000000000D0006 /* Release */,
			);
			defaultConfigurationIsVisible = 0;
			defaultConfigurationName = Release;
		};
/* End XCConfigurationList section */
	};
	rootObject = 1F5FD60000000000000E0001 /* Project object */;
}
